github.com/puppetlabs/pdkgo/docs/md v0.0.0-20220217145921-6a00a7ad3b5f h1:rf6/Tb80m4qiiFkQZDVHEcivfrhF+Sv629pLNby3C2s=
github.com/puppetlabs/pdkgo/docs/md v0.0.0-20220217145921-6a00a7ad3b5f/go.mod h1:ZP68DAFqSxcmtVQ4WNS1uzO5ruFuL0geGIXoznIZx6w=
github.com/puppetlabs/pdkgo/docs/md v0.0.0-20220316170415-337036c7f8e2 h1:4r/TmrvljQz/udcw2x+VLVfs90k9VmVJUdWcYMX8ytc=
github.com/puppetlabs/pdkgo/docs/md v0.0.0-20220316170415-337036c7f8e2/go.mod h1:ZP68DAFqSxcmtVQ4WNS1uzO5ruFuL0geGIXoznIZx6w=
github.com/puppetlabs/prm/docs/md v0.0.0-20220228112438-d28ec4148a14 h1:ButpxCfwynLp10RsTPSnuw2yZxY3NVJ8sAiD1GNqMO8=
github.com/puppetlabs/prm/docs/md v0.0.0-20220228112438-d28ec4148a14/go.mod h1:spfr7W49WwAzw1dddZd5W0aZMzbIDj3Dm9x6+ecAbW4=
github.com/puppetlabs/prm/docs/md v0.0.0-20220324103910-f0b29a613959 h1:bDoMHZ9LwUH7u140ZJQf8S9/jBSL2WmZ6nTi3fD16bw=
github.com/puppetlabs/prm/docs/md v0.0.0-20220324103910-f0b29a613959/go.mod h1:spfr7W49WwAzw1dddZd5W0aZMzbIDj3Dm9x6+ecAbW4=
