github.com/puppetlabs/pct/docs/md v0.0.0-20220422103212-0dd5c8cc4465 h1:6jwSNqEgZ22GbMTn2QDKNUWE7KQ4a5x4Q0bVuxMVyqg=
github.com/puppetlabs/pct/docs/md v0.0.0-20220422103212-0dd5c8cc4465/go.mod h1:yYLqP/WN4nIDIcWSPOcR65rj9vtFYs8QlrG7In2/W2Y=
github.com/puppetlabs/prm/docs/md v0.0.0-20220422093551-94e526698bed h1:6SRZrlpv8Axkqxl0ldCXJCo76XhJqRNGe+YalGJDYwQ=
github.com/puppetlabs/prm/docs/md v0.0.0-20220422093551-94e526698bed/go.mod h1:spfr7W49WwAzw1dddZd5W0aZMzbIDj3Dm9x6+ecAbW4=
